
Microsoft Visual Studio Solution File, Format Version 12.00
# Visual Studio 15
VisualStudioVersion = 15.0.28307.489
MinimumVisualStudioVersion = 10.0.40219.1
Project("{8BC9CEB8-8B4A-11D0-8D11-00A0C91BC942}") = "宏", "MacroC\MacroC.vcxproj", "{E8EE859C-626B-46E7-B6E9-D0B138989B78}"
EndProject
Project("{2150E333-8FDC-42A3-9474-1A3956D46DE8}") = "Advance", "Advance", "{892A6241-C891-40FC-9E7F-3B2E55D35F5C}"
EndProject
Project("{2150E333-8FDC-42A3-9474-1A3956D46DE8}") = "Basic", "Basic", "{510D8751-A4AA-47AB-9E0F-4DE8A5BD5238}"
EndProject
Project("{8BC9CEB8-8B4A-11D0-8D11-00A0C91BC942}") = "类继承", "ClassInherit\ClassInherit.vcxproj", "{2A979840-DF56-495F-9F6C-4B6F513DEB4D}"
EndProject
Project("{2150E333-8FDC-42A3-9474-1A3956D46DE8}") = "Template", "Template", "{23870845-1632-46B4-8C89-1022323DBFED}"
EndProject
Project("{8BC9CEB8-8B4A-11D0-8D11-00A0C91BC942}") = "可变参模板", "可变参模板\可变参模板.vcxproj", "{C6E2B57D-93B1-4F83-8EBF-D9B1333277E3}"
EndProject
Project("{2150E333-8FDC-42A3-9474-1A3956D46DE8}") = "数据结构", "数据结构", "{94F91BD9-F783-4C87-B879-AABD78A2C807}"
EndProject
Project("{8BC9CEB8-8B4A-11D0-8D11-00A0C91BC942}") = "链表", "链表\链表.vcxproj", "{AB416797-1E97-4BAB-A981-F61DD36C6B0B}"
EndProject
Project("{2150E333-8FDC-42A3-9474-1A3956D46DE8}") = "算法", "算法", "{DBABB3C8-0FDC-4D42-983E-4BABD6561131}"
EndProject
Project("{8BC9CEB8-8B4A-11D0-8D11-00A0C91BC942}") = "排序算法", "排序算法\排序算法.vcxproj", "{E4CEA55D-A456-4654-BFB8-4D8DD0378048}"
EndProject
Global
	GlobalSection(SolutionConfigurationPlatforms) = preSolution
		Debug|x64 = Debug|x64
		Debug|x86 = Debug|x86
		Release|x64 = Release|x64
		Release|x86 = Release|x86
	EndGlobalSection
	GlobalSection(ProjectConfigurationPlatforms) = postSolution
		{E8EE859C-626B-46E7-B6E9-D0B138989B78}.Debug|x64.ActiveCfg = Debug|x64
		{E8EE859C-626B-46E7-B6E9-D0B138989B78}.Debug|x64.Build.0 = Debug|x64
		{E8EE859C-626B-46E7-B6E9-D0B138989B78}.Debug|x86.ActiveCfg = Debug|Win32
		{E8EE859C-626B-46E7-B6E9-D0B138989B78}.Debug|x86.Build.0 = Debug|Win32
		{E8EE859C-626B-46E7-B6E9-D0B138989B78}.Release|x64.ActiveCfg = Release|x64
		{E8EE859C-626B-46E7-B6E9-D0B138989B78}.Release|x64.Build.0 = Release|x64
		{E8EE859C-626B-46E7-B6E9-D0B138989B78}.Release|x86.ActiveCfg = Release|Win32
		{E8EE859C-626B-46E7-B6E9-D0B138989B78}.Release|x86.Build.0 = Release|Win32
		{2A979840-DF56-495F-9F6C-4B6F513DEB4D}.Debug|x64.ActiveCfg = Debug|x64
		{2A979840-DF56-495F-9F6C-4B6F513DEB4D}.Debug|x64.Build.0 = Debug|x64
		{2A979840-DF56-495F-9F6C-4B6F513DEB4D}.Debug|x86.ActiveCfg = Debug|Win32
		{2A979840-DF56-495F-9F6C-4B6F513DEB4D}.Debug|x86.Build.0 = Debug|Win32
		{2A979840-DF56-495F-9F6C-4B6F513DEB4D}.Release|x64.ActiveCfg = Release|x64
		{2A979840-DF56-495F-9F6C-4B6F513DEB4D}.Release|x64.Build.0 = Release|x64
		{2A979840-DF56-495F-9F6C-4B6F513DEB4D}.Release|x86.ActiveCfg = Release|Win32
		{2A979840-DF56-495F-9F6C-4B6F513DEB4D}.Release|x86.Build.0 = Release|Win32
		{C6E2B57D-93B1-4F83-8EBF-D9B1333277E3}.Debug|x64.ActiveCfg = Debug|x64
		{C6E2B57D-93B1-4F83-8EBF-D9B1333277E3}.Debug|x64.Build.0 = Debug|x64
		{C6E2B57D-93B1-4F83-8EBF-D9B1333277E3}.Debug|x86.ActiveCfg = Debug|Win32
		{C6E2B57D-93B1-4F83-8EBF-D9B1333277E3}.Debug|x86.Build.0 = Debug|Win32
		{C6E2B57D-93B1-4F83-8EBF-D9B1333277E3}.Release|x64.ActiveCfg = Release|x64
		{C6E2B57D-93B1-4F83-8EBF-D9B1333277E3}.Release|x64.Build.0 = Release|x64
		{C6E2B57D-93B1-4F83-8EBF-D9B1333277E3}.Release|x86.ActiveCfg = Release|Win32
		{C6E2B57D-93B1-4F83-8EBF-D9B1333277E3}.Release|x86.Build.0 = Release|Win32
		{AB416797-1E97-4BAB-A981-F61DD36C6B0B}.Debug|x64.ActiveCfg = Debug|x64
		{AB416797-1E97-4BAB-A981-F61DD36C6B0B}.Debug|x64.Build.0 = Debug|x64
		{AB416797-1E97-4BAB-A981-F61DD36C6B0B}.Debug|x86.ActiveCfg = Debug|Win32
		{AB416797-1E97-4BAB-A981-F61DD36C6B0B}.Debug|x86.Build.0 = Debug|Win32
		{AB416797-1E97-4BAB-A981-F61DD36C6B0B}.Release|x64.ActiveCfg = Release|x64
		{AB416797-1E97-4BAB-A981-F61DD36C6B0B}.Release|x64.Build.0 = Release|x64
		{AB416797-1E97-4BAB-A981-F61DD36C6B0B}.Release|x86.ActiveCfg = Release|Win32
		{AB416797-1E97-4BAB-A981-F61DD36C6B0B}.Release|x86.Build.0 = Release|Win32
		{E4CEA55D-A456-4654-BFB8-4D8DD0378048}.Debug|x64.ActiveCfg = Debug|x64
		{E4CEA55D-A456-4654-BFB8-4D8DD0378048}.Debug|x64.Build.0 = Debug|x64
		{E4CEA55D-A456-4654-BFB8-4D8DD0378048}.Debug|x86.ActiveCfg = Debug|Win32
		{E4CEA55D-A456-4654-BFB8-4D8DD0378048}.Debug|x86.Build.0 = Debug|Win32
		{E4CEA55D-A456-4654-BFB8-4D8DD0378048}.Release|x64.ActiveCfg = Release|x64
		{E4CEA55D-A456-4654-BFB8-4D8DD0378048}.Release|x64.Build.0 = Release|x64
		{E4CEA55D-A456-4654-BFB8-4D8DD0378048}.Release|x86.ActiveCfg = Release|Win32
		{E4CEA55D-A456-4654-BFB8-4D8DD0378048}.Release|x86.Build.0 = Release|Win32
	EndGlobalSection
	GlobalSection(SolutionProperties) = preSolution
		HideSolutionNode = FALSE
	EndGlobalSection
	GlobalSection(NestedProjects) = preSolution
		{E8EE859C-626B-46E7-B6E9-D0B138989B78} = {510D8751-A4AA-47AB-9E0F-4DE8A5BD5238}
		{2A979840-DF56-495F-9F6C-4B6F513DEB4D} = {510D8751-A4AA-47AB-9E0F-4DE8A5BD5238}
		{23870845-1632-46B4-8C89-1022323DBFED} = {892A6241-C891-40FC-9E7F-3B2E55D35F5C}
		{C6E2B57D-93B1-4F83-8EBF-D9B1333277E3} = {23870845-1632-46B4-8C89-1022323DBFED}
		{AB416797-1E97-4BAB-A981-F61DD36C6B0B} = {94F91BD9-F783-4C87-B879-AABD78A2C807}
		{E4CEA55D-A456-4654-BFB8-4D8DD0378048} = {DBABB3C8-0FDC-4D42-983E-4BABD6561131}
	EndGlobalSection
	GlobalSection(ExtensibilityGlobals) = postSolution
		SolutionGuid = {70413400-ED3B-4BBA-BE50-56A6DEC552EA}
	EndGlobalSection
EndGlobal
