
Microsoft Visual Studio Solution File, Format Version 12.00
# Visual Studio 15
VisualStudioVersion = 15.0.28307.489
MinimumVisualStudioVersion = 10.0.40219.1
Project("{8BC9CEB8-8B4A-11D0-8D11-00A0C91BC942}") = "MacroC", "MacroC\MacroC.vcxproj", "{E8EE859C-626B-46E7-B6E9-D0B138989B78}"
EndProject
Project("{2150E333-8FDC-42A3-9474-1A3956D46DE8}") = "Advance", "Advance", "{892A6241-C891-40FC-9E7F-3B2E55D35F5C}"
EndProject
Project("{2150E333-8FDC-42A3-9474-1A3956D46DE8}") = "Basic", "Basic", "{510D8751-A4AA-47AB-9E0F-4DE8A5BD5238}"
EndProject
Global
	GlobalSection(SolutionConfigurationPlatforms) = preSolution
		Debug|x64 = Debug|x64
		Debug|x86 = Debug|x86
		Release|x64 = Release|x64
		Release|x86 = Release|x86
	EndGlobalSection
	GlobalSection(ProjectConfigurationPlatforms) = postSolution
		{E8EE859C-626B-46E7-B6E9-D0B138989B78}.Debug|x64.ActiveCfg = Debug|x64
		{E8EE859C-626B-46E7-B6E9-D0B138989B78}.Debug|x64.Build.0 = Debug|x64
		{E8EE859C-626B-46E7-B6E9-D0B138989B78}.Debug|x86.ActiveCfg = Debug|Win32
		{E8EE859C-626B-46E7-B6E9-D0B138989B78}.Debug|x86.Build.0 = Debug|Win32
		{E8EE859C-626B-46E7-B6E9-D0B138989B78}.Release|x64.ActiveCfg = Release|x64
		{E8EE859C-626B-46E7-B6E9-D0B138989B78}.Release|x64.Build.0 = Release|x64
		{E8EE859C-626B-46E7-B6E9-D0B138989B78}.Release|x86.ActiveCfg = Release|Win32
		{E8EE859C-626B-46E7-B6E9-D0B138989B78}.Release|x86.Build.0 = Release|Win32
	EndGlobalSection
	GlobalSection(SolutionProperties) = preSolution
		HideSolutionNode = FALSE
	EndGlobalSection
	GlobalSection(NestedProjects) = preSolution
		{E8EE859C-626B-46E7-B6E9-D0B138989B78} = {510D8751-A4AA-47AB-9E0F-4DE8A5BD5238}
	EndGlobalSection
	GlobalSection(ExtensibilityGlobals) = postSolution
		SolutionGuid = {70413400-ED3B-4BBA-BE50-56A6DEC552EA}
	EndGlobalSection
EndGlobal
